hash: 11239fb509112db84a058f1c974f2cef14809e7c3b1bded51580fe9089f7ce86
updated: 2017-07-11T13:29:29.931082539-07:00
imports:
- name: github.com/alecthomas/template
  version: a0175ee3bccc567396460bf5acd36800cb10c49c
  subpackages:
  - parse
- name: github.com/alecthomas/units
  version: 2efee857e7cfd4f3d0138cc3cbb1b4966962b93a
- name: github.com/facette/natsort
  version: 3769c5fd310020fdd04779443fd9255c8cf04e34
- name: github.com/fatih/color
  version: 570b54cabe6b8eb0bc2dfce68d964677d63b5260
- name: github.com/linbit/godrbdutils
  version: 3e5ba8bf98b81313e967509fa3da330e9a4e469b
- name: github.com/linbit/termui
  version: 8b646353167856a2223834251dcc5e876208ed40
- name: github.com/maruel/panicparse
  version: 25bcac0d793cf4109483505a0d66e066a3a90a80
  subpackages:
  - stack
- name: github.com/mattn/go-colorable
  version: 5411d3eea5978e6cdc258b30de592b60df6aba96
  repo: https://github.com/mattn/go-colorable
- name: github.com/mattn/go-isatty
  version: 57fdcb988a5c543893cc61bce354a6e24ab70022
  repo: https://github.com/mattn/go-isatty
- name: github.com/mattn/go-runewidth
  version: 14207d285c6c197daabb5c9793d63e7af9ab2d50
- name: github.com/mitchellh/go-wordwrap
  version: ad45545899c7b13c020ea92b2072220eefad42b8
- name: github.com/nsf/termbox-go
  version: 91bae1bb5fa9ee504905ecbe7043fa30e92feaa3
- name: golang.org/x/sys
  version: e24f485414aeafb646f6fca458b0bf869c0880a1
  repo: https://go.googlesource.com/sys
  subpackages:
  - unix
- name: gopkg.in/alecthomas/kingpin.v2
  version: 7f0871f2e17818990e4eed73f9b5c2f429501228
testImports: []
