# This file is autogenerated, do not edit; changes may be undone by the next 'dep ensure'.


[[projects]]
  branch = "master"
  name = "github.com/alecthomas/template"
  packages = [".","parse"]
  revision = "a0175ee3bccc567396460bf5acd36800cb10c49c"

[[projects]]
  branch = "master"
  name = "github.com/alecthomas/units"
  packages = ["."]
  revision = "2efee857e7cfd4f3d0138cc3cbb1b4966962b93a"

[[projects]]
  branch = "master"
  name = "github.com/facette/natsort"
  packages = ["."]
  revision = "3769c5fd310020fdd04779443fd9255c8cf04e34"

[[projects]]
  name = "github.com/fatih/color"
  packages = ["."]
  revision = "570b54cabe6b8eb0bc2dfce68d964677d63b5260"
  version = "v1.5.0"

[[projects]]
  branch = "master"
  name = "github.com/LINBIT/godrbdutils"
  packages = ["."]
  revision = "76bfda2b35d2ebdaf746a4578285721eb2e86ac3"

[[projects]]
  branch = "master"
  name = "github.com/LINBIT/termui"
  packages = ["."]
  revision = "8b646353167856a2223834251dcc5e876208ed40"

[[projects]]
  name = "github.com/maruel/panicparse"
  packages = ["stack"]
  revision = "25bcac0d793cf4109483505a0d66e066a3a90a80"

[[projects]]
  name = "github.com/mattn/go-colorable"
  packages = ["."]
  revision = "5411d3eea5978e6cdc258b30de592b60df6aba96"

[[projects]]
  name = "github.com/mattn/go-isatty"
  packages = ["."]
  revision = "57fdcb988a5c543893cc61bce354a6e24ab70022"

[[projects]]
  name = "github.com/mattn/go-runewidth"
  packages = ["."]
  revision = "14207d285c6c197daabb5c9793d63e7af9ab2d50"

[[projects]]
  branch = "master"
  name = "github.com/mitchellh/go-wordwrap"
  packages = ["."]
  revision = "ad45545899c7b13c020ea92b2072220eefad42b8"

[[projects]]
  name = "github.com/nsf/termbox-go"
  packages = ["."]
  revision = "91bae1bb5fa9ee504905ecbe7043fa30e92feaa3"

[[projects]]
  name = "golang.org/x/sys"
  packages = ["unix"]
  revision = "e24f485414aeafb646f6fca458b0bf869c0880a1"

[[projects]]
  name = "gopkg.in/alecthomas/kingpin.v2"
  packages = ["."]
  revision = "7f0871f2e17818990e4eed73f9b5c2f429501228"
  version = "v2.2.4"

[solve-meta]
  analyzer-name = "dep"
  analyzer-version = 1
  inputs-digest = "a95b3324d28d133c7b49f10c32f19a9526baa0d8d16aed1e742a8230c35e9a5f"
  solver-name = "gps-cdcl"
  solver-version = 1
